// !$*UTF8*$!
{
	archiveVersion = 1;
	classes = {
	};
	objectVersion = 46;
	objects = {

/* Begin PBXBuildFile section */
		4441CA771D164330000FDFE8 /* main.m in Sources */ = {isa = PBXBuildFile; fileRef = 4441CA761D164330000FDFE8 /* main.m */; };
		4441CA7A1D164330000FDFE8 /* AppDelegate.m in Sources */ = {isa = PBXBuildFile; fileRef = 4441CA791D164330000FDFE8 /* AppDelegate.m */; };
		4441CA821D164330000FDFE8 /* Assets.xcassets in Resources */ = {isa = PBXBuildFile; fileRef = 4441CA811D164330000FDFE8 /* Assets.xcassets */; };
		4441CA851D164330000FDFE8 /* LaunchScreen.storyboard in Resources */ = {isa = PBXBuildFile; fileRef = 4441CA831D164330000FDFE8 /* LaunchScreen.storyboard */; };
		4441CA8E1D164A71000FDFE8 /* TWCompassVC.m in Sources */ = {isa = PBXBuildFile; fileRef = 4441CA8D1D164A71000FDFE8 /* TWCompassVC.m */; };
		4441CA901D164C12000FDFE8 /* CoreLocation.framework in Frameworks */ = {isa = PBXBuildFile; fileRef = 4441CA8F1D164C12000FDFE8 /* CoreLocation.framework */; };
		44E317531D16944600D4F7D5 /* TWCompassV.m in Sources */ = {isa = PBXBuildFile; fileRef = 44E317521D16944600D4F7D5 /* TWCompassV.m */; };
/* End PBXBuildFile section */

/* Begin PBXFileReference section */
		4441CA721D164330000FDFE8 /* TWCompass.app */ = {isa = PBXFileReference; explicitFileType = wrapper.application; includeInIndex = 0; path = TWCompass.app; sourceTree = BUILT_PRODUCTS_DIR; };
		4441CA761D164330000FDFE8 /* main.m */ = {isa = PBXFileReference; lastKnownFileType = sourcecode.c.objc; path = main.m; sourceTree = "<group>"; };
		4441CA781D164330000FDFE8 /* AppDelegate.h */ = {isa = PBXFileReference; lastKnownFileType = sourcecode.c.h; path = AppDelegate.h; sourceTree = "<group>"; };
		4441CA791D164330000FDFE8 /* AppDelegate.m */ = {isa = PBXFileReference; lastKnownFileType = sourcecode.c.objc; path = AppDelegate.m; sourceTree = "<group>"; };
		4441CA811D164330000FDFE8 /* Assets.xcassets */ = {isa = PBXFileReference; lastKnownFileType = folder.assetcatalog; path = Assets.xcassets; sourceTree = "<group>"; };
		4441CA841D164330000FDFE8 /* Base */ = {isa = PBXFileReference; lastKnownFileType = file.storyboard; name = Base; path = Base.lproj/LaunchScreen.storyboard; sourceTree = "<group>"; };
		4441CA861D164330000FDFE8 /* Info.plist */ = {isa = PBXFileReference; lastKnownFileType = text.plist.xml; path = Info.plist; sourceTree = "<group>"; };
		4441CA8C1D164A71000FDFE8 /* TWCompassVC.h */ = {isa = PBXFileReference; fileEncoding = 4; lastKnownFileType = sourcecode.c.h; path = TWCompassVC.h; sourceTree = "<group>"; };
		4441CA8D1D164A71000FDFE8 /* TWCompassVC.m */ = {isa = PBXFileReference; fileEncoding = 4; lastKnownFileType = sourcecode.c.objc; path = TWCompassVC.m; sourceTree = "<group>"; };
		4441CA8F1D164C12000FDFE8 /* CoreLocation.framework */ = {isa = PBXFileReference; lastKnownFileType = wrapper.framework; name = CoreLocation.framework; path = System/Library/Frameworks/CoreLocation.framework; sourceTree = SDKROOT; };
		44E317511D16944600D4F7D5 /* TWCompassV.h */ = {isa = PBXFileReference; fileEncoding = 4; lastKnownFileType = sourcecode.c.h; path = TWCompassV.h; sourceTree = "<group>"; };
		44E317521D16944600D4F7D5 /* TWCompassV.m */ = {isa = PBXFileReference; fileEncoding = 4; lastKnownFileType = sourcecode.c.objc; path = TWCompassV.m; sourceTree = "<group>"; };
/* End PBXFileReference section */

/* Begin PBXFrameworksBuildPhase section */
		4441CA6F1D164330000FDFE8 /* Frameworks */ = {
			isa = PBXFrameworksBuildPhase;
			buildActionMask = 2147483647;
			files = (
				4441CA901D164C12000FDFE8 /* CoreLocation.framework in Frameworks */,
			);
			runOnlyForDeploymentPostprocessing = 0;
		};
/* End PBXFrameworksBuildPhase section */

/* Begin PBXGroup section */
		4441CA691D164330000FDFE8 = {
			isa = PBXGroup;
			children = (
				4441CA8F1D164C12000FDFE8 /* CoreLocation.framework */,
				4441CA741D164330000FDFE8 /* TWCompass */,
				4441CA731D164330000FDFE8 /* Products */,
			);
			sourceTree = "<group>";
		};
		4441CA731D164330000FDFE8 /* Products */ = {
			isa = PBXGroup;
			children = (
				4441CA721D164330000FDFE8 /* TWCompass.app */,
			);
			name = Products;
			sourceTree = "<group>";
		};
		4441CA741D164330000FDFE8 /* TWCompass */ = {
			isa = PBXGroup;
			children = (
				4441CA781D164330000FDFE8 /* AppDelegate.h */,
				4441CA791D164330000FDFE8 /* AppDelegate.m */,
				4441CA8C1D164A71000FDFE8 /* TWCompassVC.h */,
				4441CA8D1D164A71000FDFE8 /* TWCompassVC.m */,
				44E317511D16944600D4F7D5 /* TWCompassV.h */,
				44E317521D16944600D4F7D5 /* TWCompassV.m */,
				4441CA811D164330000FDFE8 /* Assets.xcassets */,
				4441CA831D164330000FDFE8 /* LaunchScreen.storyboard */,
				4441CA861D164330000FDFE8 /* Info.plist */,
				4441CA751D164330000FDFE8 /* Supporting Files */,
			);
			path = TWCompass;
			sourceTree = "<group>";
		};
		4441CA751D164330000FDFE8 /* Supporting Files */ = {
			isa = PBXGroup;
			children = (
				4441CA761D164330000FDFE8 /* main.m */,
			);
			name = "Supporting Files";
			sourceTree = "<group>";
		};
/* End PBXGroup section */

/* Begin PBXNativeTarget section */
		4441CA711D164330000FDFE8 /* TWCompass */ = {
			isa = PBXNativeTarget;
			buildConfigurationList = 4441CA891D164330000FDFE8 /* Build configuration list for PBXNativeTarget "TWCompass" */;
			buildPhases = (
				4441CA6E1D164330000FDFE8 /* Sources */,
				4441CA6F1D164330000FDFE8 /* Frameworks */,
				4441CA701D164330000FDFE8 /* Resources */,
			);
			buildRules = (
			);
			dependencies = (
			);
			name = TWCompass;
			productName = TWCompass;
			productReference = 4441CA721D164330000FDFE8 /* TWCompass.app */;
			productType = "com.apple.product-type.application";
		};
/* End PBXNativeTarget section */

/* Begin PBXProject section */
		4441CA6A1D164330000FDFE8 /* Project object */ = {
			isa = PBXProject;
			attributes = {
				CLASSPREFIX = TW;
				LastUpgradeCheck = 0730;
				ORGANIZATIONNAME = TooWalker;
				TargetAttributes = {
					4441CA711D164330000FDFE8 = {
						CreatedOnToolsVersion = 7.3;
						DevelopmentTeam = 43A9SS627E;
					};
				};
			};
			buildConfigurationList = 4441CA6D1D164330000FDFE8 /* Build configuration list for PBXProject "TWCompass" */;
			compatibilityVersion = "Xcode 3.2";
			developmentRegion = English;
			hasScannedForEncodings = 0;
			knownRegions = (
				en,
				Base,
			);
			mainGroup = 4441CA691D164330000FDFE8;
			productRefGroup = 4441CA731D164330000FDFE8 /* Products */;
			projectDirPath = "";
			projectRoot = "";
			targets = (
				4441CA711D164330000FDFE8 /* TWCompass */,
			);
		};
/* End PBXProject section */

/* Begin PBXResourcesBuildPhase section */
		4441CA701D164330000FDFE8 /* Resources */ = {
			isa = PBXResourcesBuildPhase;
			buildActionMask = 2147483647;
			files = (
				4441CA851D164330000FDFE8 /* LaunchScreen.storyboard in Resources */,
				4441CA821D164330000FDFE8 /* Assets.xcassets in Resources */,
			);
			runOnlyForDeploymentPostprocessing = 0;
		};
/* End PBXResourcesBuildPhase section */

/* Begin PBXSourcesBuildPhase section */
		4441CA6E1D164330000FDFE8 /* Sources */ = {
			isa = PBXSourcesBuildPhase;
			buildActionMask = 2147483647;
			files = (
				4441CA7A1D164330000FDFE8 /* AppDelegate.m in Sources */,
				4441CA771D164330000FDFE8 /* main.m in Sources */,
				44E317531D16944600D4F7D5 /* TWCompassV.m in Sources */,
				4441CA8E1D164A71000FDFE8 /* TWCompassVC.m in Sources */,
			);
			runOnlyForDeploymentPostprocessing = 0;
		};
/* End PBXSourcesBuildPhase section */

/* Begin PBXVariantGroup section */
		4441CA831D164330000FDFE8 /* LaunchScreen.storyboard */ = {
			isa = PBXVariantGroup;
			children = (
				4441CA841D164330000FDFE8 /* Base */,
			);
			name = LaunchScreen.storyboard;
			sourceTree = "<group>";
		};
/* End PBXVariantGroup section */

/* Begin XCBuildConfiguration section */
		4441CA871D164330000FDFE8 /* Debug */ = {
			isa = XCBuildConfiguration;
			buildSettings = {
				ALWAYS_SEARCH_USER_PATHS = NO;
				CLANG_ANALYZER_NONNULL = YES;
				CLANG_CXX_LANGUAGE_STANDARD = "gnu++0x";
				CLANG_CXX_LIBRARY = "libc++";
				CLANG_ENABLE_MODULES = YES;
				CLANG_ENABLE_OBJC_ARC = YES;
				CLANG_WARN_BOOL_CONVERSION = YES;
				CLANG_WARN_CONSTANT_CONVERSION = YES;
				CLANG_WARN_DIRECT_OBJC_ISA_USAGE = YES_ERROR;
				CLANG_WARN_EMPTY_BODY = YES;
				CLANG_WARN_ENUM_CONVERSION = YES;
				CLANG_WARN_INT_CONVERSION = YES;
				CLANG_WARN_OBJC_ROOT_CLASS = YES_ERROR;
				CLANG_WARN_UNREACHABLE_CODE = YES;
				CLANG_WARN__DUPLICATE_METHOD_MATCH = YES;
				"CODE_SIGN_IDENTITY[sdk=iphoneos*]" = "iPhone Developer";
				COPY_PHASE_STRIP = NO;
				DEBUG_INFORMATION_FORMAT = dwarf;
				ENABLE_STRICT_OBJC_MSGSEND = YES;
				ENABLE_TESTABILITY = YES;
				GCC_C_LANGUAGE_STANDARD = gnu99;
				GCC_DYNAMIC_NO_PIC = NO;
				GCC_NO_COMMON_BLOCKS = YES;
				GCC_OPTIMIZATION_LEVEL = 0;
				GCC_PREPROCESSOR_DEFINITIONS = (
					"DEBUG=1",
					"$(inherited)",
				);
				GCC_WARN_64_TO_32_BIT_CONVERSION = YES;
				GCC_WARN_ABOUT_RETURN_TYPE = YES_ERROR;
				GCC_WARN_UNDECLARED_SELECTOR = YES;
				GCC_WARN_UNINITIALIZED_AUTOS = YES_AGGRESSIVE;
				GCC_WARN_UNUSED_FUNCTION = YES;
				GCC_WARN_UNUSED_VARIABLE = YES;
				IPHONEOS_DEPLOYMENT_TARGET = 9.3;
				MTL_ENABLE_DEBUG_INFO = YES;
				ONLY_ACTIVE_ARCH = YES;
				SDKROOT = iphoneos;
			};
			name = Debug;
		};
		4441CA881D164330000FDFE8 /* Release */ = {
			isa = XCBuildConfiguration;
			buildSettings = {
				ALWAYS_SEARCH_USER_PATHS = NO;
				CLANG_ANALYZER_NONNULL = YES;
				CLANG_CXX_LANGUAGE_STANDARD = "gnu++0x";
				CLANG_CXX_LIBRARY = "libc++";
				CLANG_ENABLE_MODULES = YES;
				CLANG_ENABLE_OBJC_ARC = YES;
				CLANG_WARN_BOOL_CONVERSION = YES;
				CLANG_WARN_CONSTANT_CONVERSION = YES;
				CLANG_WARN_DIRECT_OBJC_ISA_USAGE = YES_ERROR;
				CLANG_WARN_EMPTY_BODY = YES;
				CLANG_WARN_ENUM_CONVERSION = YES;
				CLANG_WARN_INT_CONVERSION = YES;
				CLANG_WARN_OBJC_ROOT_CLASS = YES_ERROR;
				CLANG_WARN_UNREACHABLE_CODE = YES;
				CLANG_WARN__DUPLICATE_METHOD_MATCH = YES;
				"CODE_SIGN_IDENTITY[sdk=iphoneos*]" = "iPhone Developer";
				COPY_PHASE_STRIP = NO;
				DEBUG_INFORMATION_FORMAT = "dwarf-with-dsym";
				ENABLE_NS_ASSERTIONS = NO;
				ENABLE_STRICT_OBJC_MSGSEND = YES;
				GCC_C_LANGUAGE_STANDARD = gnu99;
				GCC_NO_COMMON_BLOCKS = YES;
				GCC_WARN_64_TO_32_BIT_CONVERSION = YES;
				GCC_WARN_ABOUT_RETURN_TYPE = YES_ERROR;
				GCC_WARN_UNDECLARED_SELECTOR = YES;
				GCC_WARN_UNINITIALIZED_AUTOS = YES_AGGRESSIVE;
				GCC_WARN_UNUSED_FUNCTION = YES;
				GCC_WARN_UNUSED_VARIABLE = YES;
				IPHONEOS_DEPLOYMENT_TARGET = 9.3;
				MTL_ENABLE_DEBUG_INFO = NO;
				SDKROOT = iphoneos;
				VALIDATE_PRODUCT = YES;
			};
			name = Release;
		};
		4441CA8A1D164330000FDFE8 /* Debug */ = {
			isa = XCBuildConfiguration;
			buildSettings = {
				ASSETCATALOG_COMPILER_APPICON_NAME = AppIcon;
				CODE_SIGN_IDENTITY = "iPhone Developer";
				"CODE_SIGN_IDENTITY[sdk=iphoneos*]" = "iPhone Developer";
				INFOPLIST_FILE = TWCompass/Info.plist;
				IPHONEOS_DEPLOYMENT_TARGET = 7.0;
				LD_RUNPATH_SEARCH_PATHS = "$(inherited) @executable_path/Frameworks";
				PRODUCT_BUNDLE_IDENTIFIER = TooWalker.TWCompass;
				PRODUCT_NAME = "$(TARGET_NAME)";
				PROVISIONING_PROFILE = "";
			};
			name = Debug;
		};
		4441CA8B1D164330000FDFE8 /* Release */ = {
			isa = XCBuildConfiguration;
			buildSettings = {
				ASSETCATALOG_COMPILER_APPICON_NAME = AppIcon;
				CODE_SIGN_IDENTITY = "iPhone Developer";
				"CODE_SIGN_IDENTITY[sdk=iphoneos*]" = "iPhone Developer";
				INFOPLIST_FILE = TWCompass/Info.plist;
				IPHONEOS_DEPLOYMENT_TARGET = 7.0;
				LD_RUNPATH_SEARCH_PATHS = "$(inherited) @executable_path/Frameworks";
				PRODUCT_BUNDLE_IDENTIFIER = TooWalker.TWCompass;
				PRODUCT_NAME = "$(TARGET_NAME)";
				PROVISIONING_PROFILE = "";
			};
			name = Release;
		};
/* End XCBuildConfiguration section */

/* Begin XCConfigurationList section */
		4441CA6D1D164330000FDFE8 /* Build configuration list for PBXProject "TWCompass" */ = {
			isa = XCConfigurationList;
			buildConfigurations = (
				4441CA871D164330000FDFE8 /* Debug */,
				4441CA881D164330000FDFE8 /* Release */,
			);
			defaultConfigurationIsVisible = 0;
			defaultConfigurationName = Release;
		};
		4441CA891D164330000FDFE8 /* Build configuration list for PBXNativeTarget "TWCompass" */ = {
			isa = XCConfigurationList;
			buildConfigurations = (
				4441CA8A1D164330000FDFE8 /* Debug */,
				4441CA8B1D164330000FDFE8 /* Release */,
			);
			defaultConfigurationIsVisible = 0;
			defaultConfigurationName = Release;
		};
/* End XCConfigurationList section */
	};
	rootObject = 4441CA6A1D164330000FDFE8 /* Project object */;
}
